
Microsoft Visual Studio Solution File, Format Version 12.00
# Visual Studio Version 16
VisualStudioVersion = 16.0.31129.286
MinimumVisualStudioVersion = 10.0.40219.1
Project("{FAE04EC0-301F-11D3-BF4B-00C04F79EFBC}") = "ADOMD", "ADOMD.csproj", "{896D5829-203D-435D-99C0-7DF005A6ACB3}"
EndProject
Global
	GlobalSection(SolutionConfigurationPlatforms) = preSolution
		Debug|Any CPU = Debug|Any CPU
		Release|Any CPU = Release|Any CPU
	EndGlobalSection
	GlobalSection(ProjectConfigurationPlatforms) = postSolution
		{896D5829-203D-435D-99C0-7DF005A6ACB3}.Debug|Any CPU.ActiveCfg = Debug|Any CPU
		{896D5829-203D-435D-99C0-7DF005A6ACB3}.Debug|Any CPU.Build.0 = Debug|Any CPU
		{896D5829-203D-435D-99C0-7DF005A6ACB3}.Release|Any CPU.ActiveCfg = Release|Any CPU
		{896D5829-203D-435D-99C0-7DF005A6ACB3}.Release|Any CPU.Build.0 = Release|Any CPU
	EndGlobalSection
	GlobalSection(SolutionProperties) = preSolution
		HideSolutionNode = FALSE
	EndGlobalSection
	GlobalSection(ExtensibilityGlobals) = postSolution
		SolutionGuid = {25131615-E0DB-4E40-ACAD-3C7E2CD52943}
	EndGlobalSection
EndGlobal
